
Microsoft Visual Studio Solution File, Format Version 12.00
# Visual Studio Version 17
VisualStudioVersion = 17.3.32819.101
MinimumVisualStudioVersion = 10.0.40219.1
Project("{FAE04EC0-301F-11D3-BF4B-00C04F79EFBC}") = "Calculadora", "Calculadora.csproj", "{05071C90-2922-486B-8AC9-12735C5A1BD5}"
EndProject
Global
	GlobalSection(SolutionConfigurationPlatforms) = preSolution
		Debug|Any CPU = Debug|Any CPU
		Release|Any CPU = Release|Any CPU
	EndGlobalSection
	GlobalSection(ProjectConfigurationPlatforms) = postSolution
		{05071C90-2922-486B-8AC9-12735C5A1BD5}.Debug|Any CPU.ActiveCfg = Debug|Any CPU
		{05071C90-2922-486B-8AC9-12735C5A1BD5}.Debug|Any CPU.Build.0 = Debug|Any CPU
		{05071C90-2922-486B-8AC9-12735C5A1BD5}.Release|Any CPU.ActiveCfg = Release|Any CPU
		{05071C90-2922-486B-8AC9-12735C5A1BD5}.Release|Any CPU.Build.0 = Release|Any CPU
	EndGlobalSection
	GlobalSection(SolutionProperties) = preSolution
		HideSolutionNode = FALSE
	EndGlobalSection
	GlobalSection(ExtensibilityGlobals) = postSolution
		SolutionGuid = {8B0A0F3B-17EF-4F30-8863-54497C705F56}
	EndGlobalSection
EndGlobal
